
Microsoft Visual Studio Solution File, Format Version 12.00
# Visual Studio Version 17
VisualStudioVersion = 17.2.32526.322
MinimumVisualStudioVersion = 10.0.40219.1
Project("{9A19103F-16F7-4668-BE54-9A1E7A4F7556}") = "BudgetManagement", "BudgetManagement\BudgetManagement.csproj", "{5A2D562E-EBCF-4DFC-B334-962D1667D1CD}"
EndProject
Project("{00D1A9C2-B5F0-4AF3-8072-F6C62B433612}") = "DB", "DB\DB.sqlproj", "{1F41B036-5ED3-4F7D-A92B-7BFA9FAA0467}"
EndProject
Global
	GlobalSection(SolutionConfigurationPlatforms) = preSolution
		Debug|Any CPU = Debug|Any CPU
		Release|Any CPU = Release|Any CPU
	EndGlobalSection
	GlobalSection(ProjectConfigurationPlatforms) = postSolution
		{5A2D562E-EBCF-4DFC-B334-962D1667D1CD}.Debug|Any CPU.ActiveCfg = Debug|Any CPU
		{5A2D562E-EBCF-4DFC-B334-962D1667D1CD}.Debug|Any CPU.Build.0 = Debug|Any CPU
		{5A2D562E-EBCF-4DFC-B334-962D1667D1CD}.Release|Any CPU.ActiveCfg = Release|Any CPU
		{5A2D562E-EBCF-4DFC-B334-962D1667D1CD}.Release|Any CPU.Build.0 = Release|Any CPU
		{1F41B036-5ED3-4F7D-A92B-7BFA9FAA0467}.Debug|Any CPU.ActiveCfg = Debug|Any CPU
		{1F41B036-5ED3-4F7D-A92B-7BFA9FAA0467}.Debug|Any CPU.Build.0 = Debug|Any CPU
		{1F41B036-5ED3-4F7D-A92B-7BFA9FAA0467}.Debug|Any CPU.Deploy.0 = Debug|Any CPU
		{1F41B036-5ED3-4F7D-A92B-7BFA9FAA0467}.Release|Any CPU.ActiveCfg = Release|Any CPU
		{1F41B036-5ED3-4F7D-A92B-7BFA9FAA0467}.Release|Any CPU.Build.0 = Release|Any CPU
		{1F41B036-5ED3-4F7D-A92B-7BFA9FAA0467}.Release|Any CPU.Deploy.0 = Release|Any CPU
	EndGlobalSection
	GlobalSection(SolutionProperties) = preSolution
		HideSolutionNode = FALSE
	EndGlobalSection
	GlobalSection(ExtensibilityGlobals) = postSolution
		SolutionGuid = {1C66FC78-8AB8-494A-86C1-8C1140A77880}
	EndGlobalSection
EndGlobal
